
Microsoft Visual Studio Solution File, Format Version 12.00
# Visual Studio 14
VisualStudioVersion = 14.0.25420.1
MinimumVisualStudioVersion = 10.0.40219.1
Project("{2150E333-8FDC-42A3-9474-1A3956D46DE8}") = "创建型模式", "创建型模式", "{4A0ACA14-753C-4148-8995-318DB97B2F7E}"
EndProject
Project("{2150E333-8FDC-42A3-9474-1A3956D46DE8}") = "结构型模式", "结构型模式", "{D89FD278-3E10-4B47-A454-28C3A506E976}"
EndProject
Project("{2150E333-8FDC-42A3-9474-1A3956D46DE8}") = "行为型模式", "行为型模式", "{062CE203-4B87-4E2D-97AB-E8FC0295D3BE}"
EndProject
Project("{2150E333-8FDC-42A3-9474-1A3956D46DE8}") = "SingletonPattern(单例模式)", "SingletonPattern(单例模式)", "{13E7F4F6-B314-4633-BF10-241EDEBD0644}"
EndProject
Project("{FAE04EC0-301F-11D3-BF4B-00C04F79EFBC}") = "SingletonPattern", "创建型模式\SingletonPattern(单例模式)\SingletonPattern\SingletonPattern.csproj", "{9A77FAD7-E2B0-4E48-AFEE-91543E3C79D2}"
EndProject
Project("{2150E333-8FDC-42A3-9474-1A3956D46DE8}") = "SimpleFactoryPattern(简单工厂模式)", "SimpleFactoryPattern(简单工厂模式)", "{B9FFCC4B-9E07-42ED-B0DF-E46191C63E1F}"
EndProject
Project("{FAE04EC0-301F-11D3-BF4B-00C04F79EFBC}") = "SimpleFactoryPattern", "创建型模式\SimpleFactoryPattern(简单工厂模式)\SimpleFactoryPattern\SimpleFactoryPattern.csproj", "{B47D834D-0E70-4A41-93E0-87CC64B5696C}"
EndProject
Project("{FAE04EC0-301F-11D3-BF4B-00C04F79EFBC}") = "SimpleFactoryPattern.Test", "创建型模式\SimpleFactoryPattern(简单工厂模式)\SimpleFactoryPattern.Test\SimpleFactoryPattern.Test.csproj", "{2C5D01C9-BA49-40A0-9A0B-6DCBBDEA99E4}"
EndProject
Project("{2150E333-8FDC-42A3-9474-1A3956D46DE8}") = "FactoryMethodPattern(工厂方法模式)", "FactoryMethodPattern(工厂方法模式)", "{CC97DFF1-74A6-415E-9E84-A4B4AFE59AA5}"
EndProject
Project("{FAE04EC0-301F-11D3-BF4B-00C04F79EFBC}") = "FactoryMethodPattern", "创建型模式\FactoryMethodPattern(工厂方法模式)\FactoryMethodPattern\FactoryMethodPattern.csproj", "{ED68A199-EE29-4721-9FD4-EDEFE668F234}"
EndProject
Project("{FAE04EC0-301F-11D3-BF4B-00C04F79EFBC}") = "FactoryMethodPattern.Test", "创建型模式\FactoryMethodPattern(工厂方法模式)\FactoryMethodPattern.Test\FactoryMethodPattern.Test.csproj", "{8467B615-4D9E-4107-BF45-EDF918A210B9}"
EndProject
Project("{2150E333-8FDC-42A3-9474-1A3956D46DE8}") = "AbstractFactoryPattern(抽象工厂模式)", "AbstractFactoryPattern(抽象工厂模式)", "{2459D93D-5116-439A-BEEC-26C6DCADB76C}"
EndProject
Project("{FAE04EC0-301F-11D3-BF4B-00C04F79EFBC}") = "AbstractFactoryPattern", "创建型模式\AbstractFactoryPattern(抽象工厂模式)\AbstractFactoryPattern\AbstractFactoryPattern.csproj", "{FDC0DE1D-7200-4B52-AD88-5EE97EAA1F94}"
EndProject
Project("{FAE04EC0-301F-11D3-BF4B-00C04F79EFBC}") = "AbstractFactoryPattern.Test", "创建型模式\AbstractFactoryPattern(抽象工厂模式)\AbstractFactoryPattern.Test\AbstractFactoryPattern.Test.csproj", "{CB92A17A-ABBE-4306-9CB4-5D772E51ACA9}"
EndProject
Project("{2150E333-8FDC-42A3-9474-1A3956D46DE8}") = "BuilderPattern(建造者模式)", "BuilderPattern(建造者模式)", "{5EC11731-5911-4295-B24C-9A60D51D4FC9}"
EndProject
Project("{FAE04EC0-301F-11D3-BF4B-00C04F79EFBC}") = "BuilderPattern", "创建型模式\BuilderPattern(建造者模式)\BuilderPattern\BuilderPattern.csproj", "{F842F8C6-44DD-4EE0-A9EF-9474F9A9A7DE}"
EndProject
Project("{FAE04EC0-301F-11D3-BF4B-00C04F79EFBC}") = "BuilderPattern.Test", "创建型模式\BuilderPattern(建造者模式)\BuilderPattern.Test\BuilderPattern.Test.csproj", "{ED1E0347-0946-47A2-81FB-4524D8F9BE17}"
EndProject
Project("{2150E333-8FDC-42A3-9474-1A3956D46DE8}") = "PrototypePattern(原型模式)", "PrototypePattern(原型模式)", "{222C393F-9C8F-48D0-ADA0-5FB2BE794C8F}"
EndProject
Project("{FAE04EC0-301F-11D3-BF4B-00C04F79EFBC}") = "PrototypePattern", "创建型模式\PrototypePattern(原型模式)\PrototypePattern\PrototypePattern.csproj", "{59967D23-CCEA-4164-B19A-17DC7C34EE61}"
EndProject
Project("{FAE04EC0-301F-11D3-BF4B-00C04F79EFBC}") = "PrototypePattern.Test", "创建型模式\PrototypePattern(原型模式)\PrototypePattern.Test\PrototypePattern.Test.csproj", "{B9B99972-3D1D-40E6-A230-FD24941185D0}"
EndProject
Project("{2150E333-8FDC-42A3-9474-1A3956D46DE8}") = "AdapterPattern(适配器模式)", "AdapterPattern(适配器模式)", "{52C70421-968A-4612-9913-B0DD26919557}"
EndProject
Project("{FAE04EC0-301F-11D3-BF4B-00C04F79EFBC}") = "AdapterPattern", "结构型模式\AdapterPattern(适配器模式)\AdapterPattern\AdapterPattern.csproj", "{F4B82A98-7D01-49BA-9A4E-358DE0349BF7}"
EndProject
Project("{FAE04EC0-301F-11D3-BF4B-00C04F79EFBC}") = "AdapterPattern.Test", "结构型模式\AdapterPattern(适配器模式)\AdapterPattern.Test\AdapterPattern.Test.csproj", "{0C067F1A-22A4-4B0F-BB1B-8BB5F5C1F29E}"
EndProject
Project("{2150E333-8FDC-42A3-9474-1A3956D46DE8}") = "BridgePattern(桥接模式)", "BridgePattern(桥接模式)", "{9939BD70-F029-4D4C-964A-EF2ACFB72017}"
EndProject
Project("{FAE04EC0-301F-11D3-BF4B-00C04F79EFBC}") = "BridgePattern", "结构型模式\BridgePattern(桥接模式)\BridgePattern\BridgePattern.csproj", "{BBDE9A2C-4ED4-4293-8884-398BD2FD6AC6}"
EndProject
Project("{FAE04EC0-301F-11D3-BF4B-00C04F79EFBC}") = "BridgePattern.Test", "结构型模式\BridgePattern(桥接模式)\BridgePattern.Test\BridgePattern.Test.csproj", "{3C941606-B48D-495B-B11F-09CD9898987E}"
EndProject
Project("{2150E333-8FDC-42A3-9474-1A3956D46DE8}") = "DecoratorPattern(装饰者模式)", "DecoratorPattern(装饰者模式)", "{A24169E5-C684-4088-9CE0-C2AB137D8E9E}"
EndProject
Project("{FAE04EC0-301F-11D3-BF4B-00C04F79EFBC}") = "DecoratorPattern", "结构型模式\DecoratorPattern(装饰者模式)\DecoratorPattern\DecoratorPattern.csproj", "{A87B65E6-B53C-4452-ADA9-C599FDFF1022}"
EndProject
Project("{FAE04EC0-301F-11D3-BF4B-00C04F79EFBC}") = "DecoratorPattern.Test", "结构型模式\DecoratorPattern(装饰者模式)\DecoratorPattern.Test\DecoratorPattern.Test.csproj", "{857CAA45-A28F-4DDD-8C17-03E93B9C9FDF}"
EndProject
Project("{2150E333-8FDC-42A3-9474-1A3956D46DE8}") = "CompositePattern(组合模式)", "CompositePattern(组合模式)", "{7AF58516-047C-4391-8A9F-6C0CC23F05FE}"
EndProject
Project("{FAE04EC0-301F-11D3-BF4B-00C04F79EFBC}") = "CompositePattern", "结构型模式\CompositePattern(组合模式)\CompositePattern\CompositePattern.csproj", "{05068FEF-C785-45B5-BC0E-1922189AB13C}"
EndProject
Project("{FAE04EC0-301F-11D3-BF4B-00C04F79EFBC}") = "CompositePattern.Test", "结构型模式\CompositePattern(组合模式)\CompositePattern.Test\CompositePattern.Test.csproj", "{A60EF856-BC4C-4480-A1F7-28C19E4E276E}"
EndProject
Project("{2150E333-8FDC-42A3-9474-1A3956D46DE8}") = "FacadePattern(外观模式)", "FacadePattern(外观模式)", "{6FBD358D-9523-42D3-9C87-B01A557CF519}"
EndProject
Project("{FAE04EC0-301F-11D3-BF4B-00C04F79EFBC}") = "FacadePattern", "结构型模式\FacadePattern(外观模式)\FacadePattern\FacadePattern.csproj", "{CFEB3213-D289-4899-A0B3-AA7815B60186}"
EndProject
Project("{FAE04EC0-301F-11D3-BF4B-00C04F79EFBC}") = "FacadePattern.Test", "结构型模式\FacadePattern(外观模式)\FacadePattern.Test\FacadePattern.Test.csproj", "{30D96A1F-D562-4D66-9065-83E120C439A1}"
EndProject
Project("{2150E333-8FDC-42A3-9474-1A3956D46DE8}") = "FlyweightPattern(享元模式)", "FlyweightPattern(享元模式)", "{355DF2AC-0D1E-4042-A9C1-304B30BBA0EA}"
EndProject
Project("{FAE04EC0-301F-11D3-BF4B-00C04F79EFBC}") = "FlyweightPattern", "结构型模式\FlyweightPattern(享元模式)\FlyweightPattern\FlyweightPattern.csproj", "{E51AA223-AE3C-47D5-B85A-62E7D3F54AFA}"
EndProject
Project("{FAE04EC0-301F-11D3-BF4B-00C04F79EFBC}") = "FlyweightPattern.Test", "结构型模式\FlyweightPattern(享元模式)\FlyweightPattern.Test\FlyweightPattern.Test.csproj", "{68A8329D-9A35-4162-A381-3E6F5C021546}"
EndProject
Global
	GlobalSection(SolutionConfigurationPlatforms) = preSolution
		Debug|Any CPU = Debug|Any CPU
		Release|Any CPU = Release|Any CPU
	EndGlobalSection
	GlobalSection(ProjectConfigurationPlatforms) = postSolution
		{9A77FAD7-E2B0-4E48-AFEE-91543E3C79D2}.Debug|Any CPU.ActiveCfg = Debug|Any CPU
		{9A77FAD7-E2B0-4E48-AFEE-91543E3C79D2}.Debug|Any CPU.Build.0 = Debug|Any CPU
		{9A77FAD7-E2B0-4E48-AFEE-91543E3C79D2}.Release|Any CPU.ActiveCfg = Release|Any CPU
		{9A77FAD7-E2B0-4E48-AFEE-91543E3C79D2}.Release|Any CPU.Build.0 = Release|Any CPU
		{B47D834D-0E70-4A41-93E0-87CC64B5696C}.Debug|Any CPU.ActiveCfg = Debug|Any CPU
		{B47D834D-0E70-4A41-93E0-87CC64B5696C}.Debug|Any CPU.Build.0 = Debug|Any CPU
		{B47D834D-0E70-4A41-93E0-87CC64B5696C}.Release|Any CPU.ActiveCfg = Release|Any CPU
		{B47D834D-0E70-4A41-93E0-87CC64B5696C}.Release|Any CPU.Build.0 = Release|Any CPU
		{2C5D01C9-BA49-40A0-9A0B-6DCBBDEA99E4}.Debug|Any CPU.ActiveCfg = Debug|Any CPU
		{2C5D01C9-BA49-40A0-9A0B-6DCBBDEA99E4}.Debug|Any CPU.Build.0 = Debug|Any CPU
		{2C5D01C9-BA49-40A0-9A0B-6DCBBDEA99E4}.Release|Any CPU.ActiveCfg = Release|Any CPU
		{2C5D01C9-BA49-40A0-9A0B-6DCBBDEA99E4}.Release|Any CPU.Build.0 = Release|Any CPU
		{ED68A199-EE29-4721-9FD4-EDEFE668F234}.Debug|Any CPU.ActiveCfg = Debug|Any CPU
		{ED68A199-EE29-4721-9FD4-EDEFE668F234}.Debug|Any CPU.Build.0 = Debug|Any CPU
		{ED68A199-EE29-4721-9FD4-EDEFE668F234}.Release|Any CPU.ActiveCfg = Release|Any CPU
		{ED68A199-EE29-4721-9FD4-EDEFE668F234}.Release|Any CPU.Build.0 = Release|Any CPU
		{8467B615-4D9E-4107-BF45-EDF918A210B9}.Debug|Any CPU.ActiveCfg = Debug|Any CPU
		{8467B615-4D9E-4107-BF45-EDF918A210B9}.Debug|Any CPU.Build.0 = Debug|Any CPU
		{8467B615-4D9E-4107-BF45-EDF918A210B9}.Release|Any CPU.ActiveCfg = Release|Any CPU
		{8467B615-4D9E-4107-BF45-EDF918A210B9}.Release|Any CPU.Build.0 = Release|Any CPU
		{FDC0DE1D-7200-4B52-AD88-5EE97EAA1F94}.Debug|Any CPU.ActiveCfg = Debug|Any CPU
		{FDC0DE1D-7200-4B52-AD88-5EE97EAA1F94}.Debug|Any CPU.Build.0 = Debug|Any CPU
		{FDC0DE1D-7200-4B52-AD88-5EE97EAA1F94}.Release|Any CPU.ActiveCfg = Release|Any CPU
		{FDC0DE1D-7200-4B52-AD88-5EE97EAA1F94}.Release|Any CPU.Build.0 = Release|Any CPU
		{CB92A17A-ABBE-4306-9CB4-5D772E51ACA9}.Debug|Any CPU.ActiveCfg = Debug|Any CPU
		{CB92A17A-ABBE-4306-9CB4-5D772E51ACA9}.Debug|Any CPU.Build.0 = Debug|Any CPU
		{CB92A17A-ABBE-4306-9CB4-5D772E51ACA9}.Release|Any CPU.ActiveCfg = Release|Any CPU
		{CB92A17A-ABBE-4306-9CB4-5D772E51ACA9}.Release|Any CPU.Build.0 = Release|Any CPU
		{F842F8C6-44DD-4EE0-A9EF-9474F9A9A7DE}.Debug|Any CPU.ActiveCfg = Debug|Any CPU
		{F842F8C6-44DD-4EE0-A9EF-9474F9A9A7DE}.Debug|Any CPU.Build.0 = Debug|Any CPU
		{F842F8C6-44DD-4EE0-A9EF-9474F9A9A7DE}.Release|Any CPU.ActiveCfg = Release|Any CPU
		{F842F8C6-44DD-4EE0-A9EF-9474F9A9A7DE}.Release|Any CPU.Build.0 = Release|Any CPU
		{ED1E0347-0946-47A2-81FB-4524D8F9BE17}.Debug|Any CPU.ActiveCfg = Debug|Any CPU
		{ED1E0347-0946-47A2-81FB-4524D8F9BE17}.Debug|Any CPU.Build.0 = Debug|Any CPU
		{ED1E0347-0946-47A2-81FB-4524D8F9BE17}.Release|Any CPU.ActiveCfg = Release|Any CPU
		{ED1E0347-0946-47A2-81FB-4524D8F9BE17}.Release|Any CPU.Build.0 = Release|Any CPU
		{59967D23-CCEA-4164-B19A-17DC7C34EE61}.Debug|Any CPU.ActiveCfg = Debug|Any CPU
		{59967D23-CCEA-4164-B19A-17DC7C34EE61}.Debug|Any CPU.Build.0 = Debug|Any CPU
		{59967D23-CCEA-4164-B19A-17DC7C34EE61}.Release|Any CPU.ActiveCfg = Release|Any CPU
		{59967D23-CCEA-4164-B19A-17DC7C34EE61}.Release|Any CPU.Build.0 = Release|Any CPU
		{B9B99972-3D1D-40E6-A230-FD24941185D0}.Debug|Any CPU.ActiveCfg = Debug|Any CPU
		{B9B99972-3D1D-40E6-A230-FD24941185D0}.Debug|Any CPU.Build.0 = Debug|Any CPU
		{B9B99972-3D1D-40E6-A230-FD24941185D0}.Release|Any CPU.ActiveCfg = Release|Any CPU
		{B9B99972-3D1D-40E6-A230-FD24941185D0}.Release|Any CPU.Build.0 = Release|Any CPU
		{F4B82A98-7D01-49BA-9A4E-358DE0349BF7}.Debug|Any CPU.ActiveCfg = Debug|Any CPU
		{F4B82A98-7D01-49BA-9A4E-358DE0349BF7}.Debug|Any CPU.Build.0 = Debug|Any CPU
		{F4B82A98-7D01-49BA-9A4E-358DE0349BF7}.Release|Any CPU.ActiveCfg = Release|Any CPU
		{F4B82A98-7D01-49BA-9A4E-358DE0349BF7}.Release|Any CPU.Build.0 = Release|Any CPU
		{0C067F1A-22A4-4B0F-BB1B-8BB5F5C1F29E}.Debug|Any CPU.ActiveCfg = Debug|Any CPU
		{0C067F1A-22A4-4B0F-BB1B-8BB5F5C1F29E}.Debug|Any CPU.Build.0 = Debug|Any CPU
		{0C067F1A-22A4-4B0F-BB1B-8BB5F5C1F29E}.Release|Any CPU.ActiveCfg = Release|Any CPU
		{0C067F1A-22A4-4B0F-BB1B-8BB5F5C1F29E}.Release|Any CPU.Build.0 = Release|Any CPU
		{BBDE9A2C-4ED4-4293-8884-398BD2FD6AC6}.Debug|Any CPU.ActiveCfg = Debug|Any CPU
		{BBDE9A2C-4ED4-4293-8884-398BD2FD6AC6}.Debug|Any CPU.Build.0 = Debug|Any CPU
		{BBDE9A2C-4ED4-4293-8884-398BD2FD6AC6}.Release|Any CPU.ActiveCfg = Release|Any CPU
		{BBDE9A2C-4ED4-4293-8884-398BD2FD6AC6}.Release|Any CPU.Build.0 = Release|Any CPU
		{3C941606-B48D-495B-B11F-09CD9898987E}.Debug|Any CPU.ActiveCfg = Debug|Any CPU
		{3C941606-B48D-495B-B11F-09CD9898987E}.Debug|Any CPU.Build.0 = Debug|Any CPU
		{3C941606-B48D-495B-B11F-09CD9898987E}.Release|Any CPU.ActiveCfg = Release|Any CPU
		{3C941606-B48D-495B-B11F-09CD9898987E}.Release|Any CPU.Build.0 = Release|Any CPU
		{A87B65E6-B53C-4452-ADA9-C599FDFF1022}.Debug|Any CPU.ActiveCfg = Debug|Any CPU
		{A87B65E6-B53C-4452-ADA9-C599FDFF1022}.Debug|Any CPU.Build.0 = Debug|Any CPU
		{A87B65E6-B53C-4452-ADA9-C599FDFF1022}.Release|Any CPU.ActiveCfg = Release|Any CPU
		{A87B65E6-B53C-4452-ADA9-C599FDFF1022}.Release|Any CPU.Build.0 = Release|Any CPU
		{857CAA45-A28F-4DDD-8C17-03E93B9C9FDF}.Debug|Any CPU.ActiveCfg = Debug|Any CPU
		{857CAA45-A28F-4DDD-8C17-03E93B9C9FDF}.Debug|Any CPU.Build.0 = Debug|Any CPU
		{857CAA45-A28F-4DDD-8C17-03E93B9C9FDF}.Release|Any CPU.ActiveCfg = Release|Any CPU
		{857CAA45-A28F-4DDD-8C17-03E93B9C9FDF}.Release|Any CPU.Build.0 = Release|Any CPU
		{05068FEF-C785-45B5-BC0E-1922189AB13C}.Debug|Any CPU.ActiveCfg = Debug|Any CPU
		{05068FEF-C785-45B5-BC0E-1922189AB13C}.Debug|Any CPU.Build.0 = Debug|Any CPU
		{05068FEF-C785-45B5-BC0E-1922189AB13C}.Release|Any CPU.ActiveCfg = Release|Any CPU
		{05068FEF-C785-45B5-BC0E-1922189AB13C}.Release|Any CPU.Build.0 = Release|Any CPU
		{A60EF856-BC4C-4480-A1F7-28C19E4E276E}.Debug|Any CPU.ActiveCfg = Debug|Any CPU
		{A60EF856-BC4C-4480-A1F7-28C19E4E276E}.Debug|Any CPU.Build.0 = Debug|Any CPU
		{A60EF856-BC4C-4480-A1F7-28C19E4E276E}.Release|Any CPU.ActiveCfg = Release|Any CPU
		{A60EF856-BC4C-4480-A1F7-28C19E4E276E}.Release|Any CPU.Build.0 = Release|Any CPU
		{CFEB3213-D289-4899-A0B3-AA7815B60186}.Debug|Any CPU.ActiveCfg = Debug|Any CPU
		{CFEB3213-D289-4899-A0B3-AA7815B60186}.Debug|Any CPU.Build.0 = Debug|Any CPU
		{CFEB3213-D289-4899-A0B3-AA7815B60186}.Release|Any CPU.ActiveCfg = Release|Any CPU
		{CFEB3213-D289-4899-A0B3-AA7815B60186}.Release|Any CPU.Build.0 = Release|Any CPU
		{30D96A1F-D562-4D66-9065-83E120C439A1}.Debug|Any CPU.ActiveCfg = Debug|Any CPU
		{30D96A1F-D562-4D66-9065-83E120C439A1}.Debug|Any CPU.Build.0 = Debug|Any CPU
		{30D96A1F-D562-4D66-9065-83E120C439A1}.Release|Any CPU.ActiveCfg = Release|Any CPU
		{30D96A1F-D562-4D66-9065-83E120C439A1}.Release|Any CPU.Build.0 = Release|Any CPU
		{E51AA223-AE3C-47D5-B85A-62E7D3F54AFA}.Debug|Any CPU.ActiveCfg = Debug|Any CPU
		{E51AA223-AE3C-47D5-B85A-62E7D3F54AFA}.Debug|Any CPU.Build.0 = Debug|Any CPU
		{E51AA223-AE3C-47D5-B85A-62E7D3F54AFA}.Release|Any CPU.ActiveCfg = Release|Any CPU
		{E51AA223-AE3C-47D5-B85A-62E7D3F54AFA}.Release|Any CPU.Build.0 = Release|Any CPU
		{68A8329D-9A35-4162-A381-3E6F5C021546}.Debug|Any CPU.ActiveCfg = Debug|Any CPU
		{68A8329D-9A35-4162-A381-3E6F5C021546}.Debug|Any CPU.Build.0 = Debug|Any CPU
		{68A8329D-9A35-4162-A381-3E6F5C021546}.Release|Any CPU.ActiveCfg = Release|Any CPU
		{68A8329D-9A35-4162-A381-3E6F5C021546}.Release|Any CPU.Build.0 = Release|Any CPU
	EndGlobalSection
	GlobalSection(SolutionProperties) = preSolution
		HideSolutionNode = FALSE
	EndGlobalSection
	GlobalSection(NestedProjects) = preSolution
		{13E7F4F6-B314-4633-BF10-241EDEBD0644} = {4A0ACA14-753C-4148-8995-318DB97B2F7E}
		{9A77FAD7-E2B0-4E48-AFEE-91543E3C79D2} = {13E7F4F6-B314-4633-BF10-241EDEBD0644}
		{B9FFCC4B-9E07-42ED-B0DF-E46191C63E1F} = {4A0ACA14-753C-4148-8995-318DB97B2F7E}
		{B47D834D-0E70-4A41-93E0-87CC64B5696C} = {B9FFCC4B-9E07-42ED-B0DF-E46191C63E1F}
		{2C5D01C9-BA49-40A0-9A0B-6DCBBDEA99E4} = {B9FFCC4B-9E07-42ED-B0DF-E46191C63E1F}
		{CC97DFF1-74A6-415E-9E84-A4B4AFE59AA5} = {4A0ACA14-753C-4148-8995-318DB97B2F7E}
		{ED68A199-EE29-4721-9FD4-EDEFE668F234} = {CC97DFF1-74A6-415E-9E84-A4B4AFE59AA5}
		{8467B615-4D9E-4107-BF45-EDF918A210B9} = {CC97DFF1-74A6-415E-9E84-A4B4AFE59AA5}
		{2459D93D-5116-439A-BEEC-26C6DCADB76C} = {4A0ACA14-753C-4148-8995-318DB97B2F7E}
		{FDC0DE1D-7200-4B52-AD88-5EE97EAA1F94} = {2459D93D-5116-439A-BEEC-26C6DCADB76C}
		{CB92A17A-ABBE-4306-9CB4-5D772E51ACA9} = {2459D93D-5116-439A-BEEC-26C6DCADB76C}
		{5EC11731-5911-4295-B24C-9A60D51D4FC9} = {4A0ACA14-753C-4148-8995-318DB97B2F7E}
		{F842F8C6-44DD-4EE0-A9EF-9474F9A9A7DE} = {5EC11731-5911-4295-B24C-9A60D51D4FC9}
		{ED1E0347-0946-47A2-81FB-4524D8F9BE17} = {5EC11731-5911-4295-B24C-9A60D51D4FC9}
		{222C393F-9C8F-48D0-ADA0-5FB2BE794C8F} = {4A0ACA14-753C-4148-8995-318DB97B2F7E}
		{59967D23-CCEA-4164-B19A-17DC7C34EE61} = {222C393F-9C8F-48D0-ADA0-5FB2BE794C8F}
		{B9B99972-3D1D-40E6-A230-FD24941185D0} = {222C393F-9C8F-48D0-ADA0-5FB2BE794C8F}
		{52C70421-968A-4612-9913-B0DD26919557} = {D89FD278-3E10-4B47-A454-28C3A506E976}
		{F4B82A98-7D01-49BA-9A4E-358DE0349BF7} = {52C70421-968A-4612-9913-B0DD26919557}
		{0C067F1A-22A4-4B0F-BB1B-8BB5F5C1F29E} = {52C70421-968A-4612-9913-B0DD26919557}
		{9939BD70-F029-4D4C-964A-EF2ACFB72017} = {D89FD278-3E10-4B47-A454-28C3A506E976}
		{BBDE9A2C-4ED4-4293-8884-398BD2FD6AC6} = {9939BD70-F029-4D4C-964A-EF2ACFB72017}
		{3C941606-B48D-495B-B11F-09CD9898987E} = {9939BD70-F029-4D4C-964A-EF2ACFB72017}
		{A24169E5-C684-4088-9CE0-C2AB137D8E9E} = {D89FD278-3E10-4B47-A454-28C3A506E976}
		{A87B65E6-B53C-4452-ADA9-C599FDFF1022} = {A24169E5-C684-4088-9CE0-C2AB137D8E9E}
		{857CAA45-A28F-4DDD-8C17-03E93B9C9FDF} = {A24169E5-C684-4088-9CE0-C2AB137D8E9E}
		{7AF58516-047C-4391-8A9F-6C0CC23F05FE} = {D89FD278-3E10-4B47-A454-28C3A506E976}
		{05068FEF-C785-45B5-BC0E-1922189AB13C} = {7AF58516-047C-4391-8A9F-6C0CC23F05FE}
		{A60EF856-BC4C-4480-A1F7-28C19E4E276E} = {7AF58516-047C-4391-8A9F-6C0CC23F05FE}
		{6FBD358D-9523-42D3-9C87-B01A557CF519} = {D89FD278-3E10-4B47-A454-28C3A506E976}
		{CFEB3213-D289-4899-A0B3-AA7815B60186} = {6FBD358D-9523-42D3-9C87-B01A557CF519}
		{30D96A1F-D562-4D66-9065-83E120C439A1} = {6FBD358D-9523-42D3-9C87-B01A557CF519}
		{355DF2AC-0D1E-4042-A9C1-304B30BBA0EA} = {D89FD278-3E10-4B47-A454-28C3A506E976}
		{E51AA223-AE3C-47D5-B85A-62E7D3F54AFA} = {355DF2AC-0D1E-4042-A9C1-304B30BBA0EA}
		{68A8329D-9A35-4162-A381-3E6F5C021546} = {355DF2AC-0D1E-4042-A9C1-304B30BBA0EA}
	EndGlobalSection
EndGlobal
